packages:
- package: calogica/dbt_expectations
  version: 0.8.2
- package: dbt-labs/dbt_external_tables
  version: 0.8.2
- package: dbt-labs/dbt_utils
  version: 1.0.0
- git: https://github.com/FlipsideCrypto/fsc-utils.git
  revision: b1e612ace7060a257e9622fe01b0854722c6fae7
- package: get-select/dbt_snowflake_query_tags
  version: 2.5.0
- package: calogica/dbt_date
  version: 0.7.2
- git: https://github.com/FlipsideCrypto/livequery-models.git
  revision: 883675b4021cc9a777e12fe6be8114ab039ab365
sha1_hash: e2462c6f85b656dd8a656d589d3d046349b7b086
